
Microsoft Visual Studio Solution File, Format Version 12.00
# Visual Studio Version 16
VisualStudioVersion = 16.0.31515.178
MinimumVisualStudioVersion = 10.0.40219.1
Project("{FAE04EC0-301F-11D3-BF4B-00C04F79EFBC}") = "MotionSensor", "MotionSensor\MotionSensor.csproj", "{95784445-3079-4083-85DC-4646A3F2FFC8}"
EndProject
Global
	GlobalSection(SolutionConfigurationPlatforms) = preSolution
		Debug|Any CPU = Debug|Any CPU
		Release|Any CPU = Release|Any CPU
	EndGlobalSection
	GlobalSection(ProjectConfigurationPlatforms) = postSolution
		{95784445-3079-4083-85DC-4646A3F2FFC8}.Debug|Any CPU.ActiveCfg = Debug|Any CPU
		{95784445-3079-4083-85DC-4646A3F2FFC8}.Debug|Any CPU.Build.0 = Debug|Any CPU
		{95784445-3079-4083-85DC-4646A3F2FFC8}.Release|Any CPU.ActiveCfg = Release|Any CPU
		{95784445-3079-4083-85DC-4646A3F2FFC8}.Release|Any CPU.Build.0 = Release|Any CPU
	EndGlobalSection
	GlobalSection(SolutionProperties) = preSolution
		HideSolutionNode = FALSE
	EndGlobalSection
	GlobalSection(ExtensibilityGlobals) = postSolution
		SolutionGuid = {A7A56EBE-3FCF-46EE-9CC0-F38B3CEE9244}
	EndGlobalSection
EndGlobal
