
Microsoft Visual Studio Solution File, Format Version 12.00
# Visual Studio Version 16
VisualStudioVersion = 16.0.31402.337
MinimumVisualStudioVersion = 10.0.40219.1
Project("{FAE04EC0-301F-11D3-BF4B-00C04F79EFBC}") = "ServMotor", "ServMotor\ServMotor.csproj", "{6B7377CF-CF26-4F3E-A455-A8D6D59C3017}"
EndProject
Global
	GlobalSection(SolutionConfigurationPlatforms) = preSolution
		Debug|Any CPU = Debug|Any CPU
		Release|Any CPU = Release|Any CPU
	EndGlobalSection
	GlobalSection(ProjectConfigurationPlatforms) = postSolution
		{6B7377CF-CF26-4F3E-A455-A8D6D59C3017}.Debug|Any CPU.ActiveCfg = Debug|Any CPU
		{6B7377CF-CF26-4F3E-A455-A8D6D59C3017}.Debug|Any CPU.Build.0 = Debug|Any CPU
		{6B7377CF-CF26-4F3E-A455-A8D6D59C3017}.Release|Any CPU.ActiveCfg = Release|Any CPU
		{6B7377CF-CF26-4F3E-A455-A8D6D59C3017}.Release|Any CPU.Build.0 = Release|Any CPU
	EndGlobalSection
	GlobalSection(SolutionProperties) = preSolution
		HideSolutionNode = FALSE
	EndGlobalSection
	GlobalSection(ExtensibilityGlobals) = postSolution
		SolutionGuid = {87FE739F-CE60-43CA-B3BF-8C023B15F330}
	EndGlobalSection
EndGlobal
